
Microsoft Visual Studio Solution File, Format Version 12.00
# Visual Studio 2013
VisualStudioVersion = 12.0.30723.0
MinimumVisualStudioVersion = 10.0.40219.1
Project("{FAE04EC0-301F-11D3-BF4B-00C04F79EFBC}") = "McDonalds.BL.Tests", "McDonalds.BL.Tests\McDonalds.BL.Tests.csproj", "{F2EBBFCA-8FC7-4B41-A994-A85264E5CF53}"
EndProject
Project("{FAE04EC0-301F-11D3-BF4B-00C04F79EFBC}") = "McDonalds.BL", "McDonalds.BL\McDonalds.BL.csproj", "{49891F03-375A-4155-A31C-5F836179C689}"
EndProject
Global
	GlobalSection(SolutionConfigurationPlatforms) = preSolution
		Debug|Any CPU = Debug|Any CPU
		Release|Any CPU = Release|Any CPU
	EndGlobalSection
	GlobalSection(ProjectConfigurationPlatforms) = postSolution
		{F2EBBFCA-8FC7-4B41-A994-A85264E5CF53}.Debug|Any CPU.ActiveCfg = Debug|Any CPU
		{F2EBBFCA-8FC7-4B41-A994-A85264E5CF53}.Debug|Any CPU.Build.0 = Debug|Any CPU
		{F2EBBFCA-8FC7-4B41-A994-A85264E5CF53}.Release|Any CPU.ActiveCfg = Release|Any CPU
		{F2EBBFCA-8FC7-4B41-A994-A85264E5CF53}.Release|Any CPU.Build.0 = Release|Any CPU
		{49891F03-375A-4155-A31C-5F836179C689}.Debug|Any CPU.ActiveCfg = Debug|Any CPU
		{49891F03-375A-4155-A31C-5F836179C689}.Debug|Any CPU.Build.0 = Debug|Any CPU
		{49891F03-375A-4155-A31C-5F836179C689}.Release|Any CPU.ActiveCfg = Release|Any CPU
		{49891F03-375A-4155-A31C-5F836179C689}.Release|Any CPU.Build.0 = Release|Any CPU
	EndGlobalSection
	GlobalSection(SolutionProperties) = preSolution
		HideSolutionNode = FALSE
	EndGlobalSection
EndGlobal
