
Microsoft Visual Studio Solution File, Format Version 12.00
# Visual Studio 14
VisualStudioVersion = 14.0.24720.0
MinimumVisualStudioVersion = 10.0.40219.1
Project("{FAE04EC0-301F-11D3-BF4B-00C04F79EFBC}") = "ArrayNameSurname", "ArrayNameSurname\ArrayNameSurname.csproj", "{CC576504-780B-4AC4-BF48-57B7235A53BC}"
EndProject
Global
	GlobalSection(SolutionConfigurationPlatforms) = preSolution
		Debug|Any CPU = Debug|Any CPU
		Release|Any CPU = Release|Any CPU
	EndGlobalSection
	GlobalSection(ProjectConfigurationPlatforms) = postSolution
		{CC576504-780B-4AC4-BF48-57B7235A53BC}.Debug|Any CPU.ActiveCfg = Debug|Any CPU
		{CC576504-780B-4AC4-BF48-57B7235A53BC}.Debug|Any CPU.Build.0 = Debug|Any CPU
		{CC576504-780B-4AC4-BF48-57B7235A53BC}.Release|Any CPU.ActiveCfg = Release|Any CPU
		{CC576504-780B-4AC4-BF48-57B7235A53BC}.Release|Any CPU.Build.0 = Release|Any CPU
	EndGlobalSection
	GlobalSection(SolutionProperties) = preSolution
		HideSolutionNode = FALSE
	EndGlobalSection
EndGlobal
